
Microsoft Visual Studio Solution File, Format Version 12.00
# Visual Studio 16
Project("{FAE04EC0-301F-11D3-BF4B-00C04F79EFBC}") = "Assembly-CSharp", "Assembly-CSharp.csproj", "{237AB8DD-5E6A-3127-356C-B84A6CDC0A99}"
EndProject
Project("{FAE04EC0-301F-11D3-BF4B-00C04F79EFBC}") = "Assembly-CSharp-firstpass", "Assembly-CSharp-firstpass.csproj", "{EAC7C924-BC08-D4D7-4C8E-7757A681B1B7}"
EndProject
Project("{FAE04EC0-301F-11D3-BF4B-00C04F79EFBC}") = "Assembly-CSharp-Editor-firstpass", "Assembly-CSharp-Editor-firstpass.csproj", "{13B247C1-3E2B-43C7-4366-B1DF6CB8A2E7}"
EndProject
Project("{FAE04EC0-301F-11D3-BF4B-00C04F79EFBC}") = "Assembly-CSharp-Editor", "Assembly-CSharp-Editor.csproj", "{C89CDFC8-1F21-FFBD-8F34-55E6EB40788A}"
EndProject
Global
	GlobalSection(SolutionConfigurationPlatforms) = preSolution
		Debug|Any CPU = Debug|Any CPU
		Release|Any CPU = Release|Any CPU
	EndGlobalSection
	GlobalSection(ProjectConfigurationPlatforms) = postSolution
		{237AB8DD-5E6A-3127-356C-B84A6CDC0A99}.Debug|Any CPU.ActiveCfg = Debug|Any CPU
		{237AB8DD-5E6A-3127-356C-B84A6CDC0A99}.Debug|Any CPU.Build.0 = Debug|Any CPU
		{237AB8DD-5E6A-3127-356C-B84A6CDC0A99}.Release|Any CPU.ActiveCfg = Release|Any CPU
		{237AB8DD-5E6A-3127-356C-B84A6CDC0A99}.Release|Any CPU.Build.0 = Release|Any CPU
		{EAC7C924-BC08-D4D7-4C8E-7757A681B1B7}.Debug|Any CPU.ActiveCfg = Debug|Any CPU
		{EAC7C924-BC08-D4D7-4C8E-7757A681B1B7}.Debug|Any CPU.Build.0 = Debug|Any CPU
		{EAC7C924-BC08-D4D7-4C8E-7757A681B1B7}.Release|Any CPU.ActiveCfg = Release|Any CPU
		{EAC7C924-BC08-D4D7-4C8E-7757A681B1B7}.Release|Any CPU.Build.0 = Release|Any CPU
		{13B247C1-3E2B-43C7-4366-B1DF6CB8A2E7}.Debug|Any CPU.ActiveCfg = Debug|Any CPU
		{13B247C1-3E2B-43C7-4366-B1DF6CB8A2E7}.Debug|Any CPU.Build.0 = Debug|Any CPU
		{13B247C1-3E2B-43C7-4366-B1DF6CB8A2E7}.Release|Any CPU.ActiveCfg = Release|Any CPU
		{13B247C1-3E2B-43C7-4366-B1DF6CB8A2E7}.Release|Any CPU.Build.0 = Release|Any CPU
		{C89CDFC8-1F21-FFBD-8F34-55E6EB40788A}.Debug|Any CPU.ActiveCfg = Debug|Any CPU
		{C89CDFC8-1F21-FFBD-8F34-55E6EB40788A}.Debug|Any CPU.Build.0 = Debug|Any CPU
		{C89CDFC8-1F21-FFBD-8F34-55E6EB40788A}.Release|Any CPU.ActiveCfg = Release|Any CPU
		{C89CDFC8-1F21-FFBD-8F34-55E6EB40788A}.Release|Any CPU.Build.0 = Release|Any CPU
	EndGlobalSection
	GlobalSection(SolutionProperties) = preSolution
		HideSolutionNode = FALSE
	EndGlobalSection
EndGlobal
